
Microsoft Visual Studio Solution File, Format Version 12.00
# Visual Studio Version 16
VisualStudioVersion = 16.0.31005.135
MinimumVisualStudioVersion = 10.0.40219.1
Project("{FAE04EC0-301F-11D3-BF4B-00C04F79EFBC}") = "ProgressTracker_Server", "ProgressTracker_Server\ProgressTracker_Server.csproj", "{20A4AB98-4DF9-495A-9154-FDDD98F48720}"
EndProject
Global
	GlobalSection(SolutionConfigurationPlatforms) = preSolution
		Debug|Any CPU = Debug|Any CPU
		Release|Any CPU = Release|Any CPU
	EndGlobalSection
	GlobalSection(ProjectConfigurationPlatforms) = postSolution
		{20A4AB98-4DF9-495A-9154-FDDD98F48720}.Debug|Any CPU.ActiveCfg = Debug|Any CPU
		{20A4AB98-4DF9-495A-9154-FDDD98F48720}.Debug|Any CPU.Build.0 = Debug|Any CPU
		{20A4AB98-4DF9-495A-9154-FDDD98F48720}.Release|Any CPU.ActiveCfg = Release|Any CPU
		{20A4AB98-4DF9-495A-9154-FDDD98F48720}.Release|Any CPU.Build.0 = Release|Any CPU
	EndGlobalSection
	GlobalSection(SolutionProperties) = preSolution
		HideSolutionNode = FALSE
	EndGlobalSection
	GlobalSection(ExtensibilityGlobals) = postSolution
		SolutionGuid = {010939CA-EF90-4EDF-9A70-59F2A53F1770}
	EndGlobalSection
EndGlobal
